
Microsoft Visual Studio Solution File, Format Version 12.00
# Visual Studio 15
VisualStudioVersion = 15.0.26403.7
MinimumVisualStudioVersion = 10.0.40219.1
Project("{FAE04EC0-301F-11D3-BF4B-00C04F79EFBC}") = "Bundler", "Bundler\Bundler.csproj", "{F3A4811B-591D-4BA4-92FE-586FDA8D2A59}"
EndProject
Project("{FAE04EC0-301F-11D3-BF4B-00C04F79EFBC}") = "Bundler.JavaScript", "Bundler.JavaScript\Bundler.JavaScript.csproj", "{29EF334F-7075-4F8E-ACB8-322147F64C2C}"
EndProject
Project("{FAE04EC0-301F-11D3-BF4B-00C04F79EFBC}") = "Bundler.Css", "Bundler.Css\Bundler.Css.csproj", "{97120A2A-6D7D-4266-8543-C9ACC67608F2}"
EndProject
Project("{FAE04EC0-301F-11D3-BF4B-00C04F79EFBC}") = "Bundler.Less", "Bundler.Less\Bundler.Less.csproj", "{FA47DB70-5CF9-4256-ADC6-B2C7339D4200}"
EndProject
Project("{FAE04EC0-301F-11D3-BF4B-00C04F79EFBC}") = "Bundler.Example", "Bundler.Example\Bundler.Example.csproj", "{BC7ECB5C-8076-4378-B47D-C6D39EF0DD13}"
EndProject
Project("{2150E333-8FDC-42A3-9474-1A3956D46DE8}") = "Solution Items", "Solution Items", "{AB13F168-0AB5-4D9D-B050-1616D3B9249D}"
	ProjectSection(SolutionItems) = preProject
		LICENSE.txt = LICENSE.txt
		Readme.md = Readme.md
	EndProjectSection
EndProject
Project("{FAE04EC0-301F-11D3-BF4B-00C04F79EFBC}") = "Bundler.AspNet", "Bundler.AspNet\Bundler.AspNet.csproj", "{AA5E8396-3CBC-4B29-B9BA-439AC01E2DDF}"
EndProject
Global
	GlobalSection(SolutionConfigurationPlatforms) = preSolution
		Debug|Any CPU = Debug|Any CPU
		Release|Any CPU = Release|Any CPU
	EndGlobalSection
	GlobalSection(ProjectConfigurationPlatforms) = postSolution
		{F3A4811B-591D-4BA4-92FE-586FDA8D2A59}.Debug|Any CPU.ActiveCfg = Debug|Any CPU
		{F3A4811B-591D-4BA4-92FE-586FDA8D2A59}.Debug|Any CPU.Build.0 = Debug|Any CPU
		{F3A4811B-591D-4BA4-92FE-586FDA8D2A59}.Release|Any CPU.ActiveCfg = Release|Any CPU
		{F3A4811B-591D-4BA4-92FE-586FDA8D2A59}.Release|Any CPU.Build.0 = Release|Any CPU
		{29EF334F-7075-4F8E-ACB8-322147F64C2C}.Debug|Any CPU.ActiveCfg = Debug|Any CPU
		{29EF334F-7075-4F8E-ACB8-322147F64C2C}.Debug|Any CPU.Build.0 = Debug|Any CPU
		{29EF334F-7075-4F8E-ACB8-322147F64C2C}.Release|Any CPU.ActiveCfg = Release|Any CPU
		{29EF334F-7075-4F8E-ACB8-322147F64C2C}.Release|Any CPU.Build.0 = Release|Any CPU
		{97120A2A-6D7D-4266-8543-C9ACC67608F2}.Debug|Any CPU.ActiveCfg = Debug|Any CPU
		{97120A2A-6D7D-4266-8543-C9ACC67608F2}.Debug|Any CPU.Build.0 = Debug|Any CPU
		{97120A2A-6D7D-4266-8543-C9ACC67608F2}.Release|Any CPU.ActiveCfg = Release|Any CPU
		{97120A2A-6D7D-4266-8543-C9ACC67608F2}.Release|Any CPU.Build.0 = Release|Any CPU
		{FA47DB70-5CF9-4256-ADC6-B2C7339D4200}.Debug|Any CPU.ActiveCfg = Debug|Any CPU
		{FA47DB70-5CF9-4256-ADC6-B2C7339D4200}.Debug|Any CPU.Build.0 = Debug|Any CPU
		{FA47DB70-5CF9-4256-ADC6-B2C7339D4200}.Release|Any CPU.ActiveCfg = Release|Any CPU
		{FA47DB70-5CF9-4256-ADC6-B2C7339D4200}.Release|Any CPU.Build.0 = Release|Any CPU
		{BC7ECB5C-8076-4378-B47D-C6D39EF0DD13}.Debug|Any CPU.ActiveCfg = Debug|Any CPU
		{BC7ECB5C-8076-4378-B47D-C6D39EF0DD13}.Debug|Any CPU.Build.0 = Debug|Any CPU
		{BC7ECB5C-8076-4378-B47D-C6D39EF0DD13}.Release|Any CPU.ActiveCfg = Release|Any CPU
		{BC7ECB5C-8076-4378-B47D-C6D39EF0DD13}.Release|Any CPU.Build.0 = Release|Any CPU
		{AA5E8396-3CBC-4B29-B9BA-439AC01E2DDF}.Debug|Any CPU.ActiveCfg = Debug|Any CPU
		{AA5E8396-3CBC-4B29-B9BA-439AC01E2DDF}.Debug|Any CPU.Build.0 = Debug|Any CPU
		{AA5E8396-3CBC-4B29-B9BA-439AC01E2DDF}.Release|Any CPU.ActiveCfg = Release|Any CPU
		{AA5E8396-3CBC-4B29-B9BA-439AC01E2DDF}.Release|Any CPU.Build.0 = Release|Any CPU
	EndGlobalSection
	GlobalSection(SolutionProperties) = preSolution
		HideSolutionNode = FALSE
	EndGlobalSection
EndGlobal
